
Microsoft Visual Studio Solution File, Format Version 12.00
# Visual Studio 14
VisualStudioVersion = 14.0.24720.0
MinimumVisualStudioVersion = 10.0.40219.1
Project("{FAE04EC0-301F-11D3-BF4B-00C04F79EFBC}") = "BarCode.Droid", "BarCode\BarCode.Droid\BarCode.Droid.csproj", "{C4E3CC9C-2182-430F-B071-4AA987A0587D}"
EndProject
Project("{FAE04EC0-301F-11D3-BF4B-00C04F79EFBC}") = "BarCode.iOS", "BarCode\BarCode.iOS\BarCode.iOS.csproj", "{87D87F8A-16D4-468C-A553-5124F8355361}"
EndProject
Project("{FAE04EC0-301F-11D3-BF4B-00C04F79EFBC}") = "BarCode", "BarCode\BarCode\BarCode.csproj", "{034E664E-297C-4456-9779-99C2EC5C89CA}"
EndProject
Global
	GlobalSection(SolutionConfigurationPlatforms) = preSolution
		Ad-Hoc|Any CPU = Ad-Hoc|Any CPU
		Ad-Hoc|ARM = Ad-Hoc|ARM
		Ad-Hoc|iPhone = Ad-Hoc|iPhone
		Ad-Hoc|iPhoneSimulator = Ad-Hoc|iPhoneSimulator
		Ad-Hoc|x86 = Ad-Hoc|x86
		AppStore|Any CPU = AppStore|Any CPU
		AppStore|ARM = AppStore|ARM
		AppStore|iPhone = AppStore|iPhone
		AppStore|iPhoneSimulator = AppStore|iPhoneSimulator
		AppStore|x86 = AppStore|x86
		Debug|Any CPU = Debug|Any CPU
		Debug|ARM = Debug|ARM
		Debug|iPhone = Debug|iPhone
		Debug|iPhoneSimulator = Debug|iPhoneSimulator
		Debug|x86 = Debug|x86
		Release|Any CPU = Release|Any CPU
		Release|ARM = Release|ARM
		Release|iPhone = Release|iPhone
		Release|iPhoneSimulator = Release|iPhoneSimulator
		Release|x86 = Release|x86
	EndGlobalSection
	GlobalSection(ProjectConfigurationPlatforms) = postSolution
		{C4E3CC9C-2182-430F-B071-4AA987A0587D}.Ad-Hoc|Any CPU.ActiveCfg = Release|Any CPU
		{C4E3CC9C-2182-430F-B071-4AA987A0587D}.Ad-Hoc|Any CPU.Build.0 = Release|Any CPU
		{C4E3CC9C-2182-430F-B071-4AA987A0587D}.Ad-Hoc|Any CPU.Deploy.0 = Release|Any CPU
		{C4E3CC9C-2182-430F-B071-4AA987A0587D}.Ad-Hoc|ARM.ActiveCfg = Release|Any CPU
		{C4E3CC9C-2182-430F-B071-4AA987A0587D}.Ad-Hoc|ARM.Build.0 = Release|Any CPU
		{C4E3CC9C-2182-430F-B071-4AA987A0587D}.Ad-Hoc|ARM.Deploy.0 = Release|Any CPU
		{C4E3CC9C-2182-430F-B071-4AA987A0587D}.Ad-Hoc|iPhone.ActiveCfg = Release|Any CPU
		{C4E3CC9C-2182-430F-B071-4AA987A0587D}.Ad-Hoc|iPhone.Build.0 = Release|Any CPU
		{C4E3CC9C-2182-430F-B071-4AA987A0587D}.Ad-Hoc|iPhone.Deploy.0 = Release|Any CPU
		{C4E3CC9C-2182-430F-B071-4AA987A0587D}.Ad-Hoc|iPhoneSimulator.ActiveCfg = Release|Any CPU
		{C4E3CC9C-2182-430F-B071-4AA987A0587D}.Ad-Hoc|iPhoneSimulator.Build.0 = Release|Any CPU
		{C4E3CC9C-2182-430F-B071-4AA987A0587D}.Ad-Hoc|iPhoneSimulator.Deploy.0 = Release|Any CPU
		{C4E3CC9C-2182-430F-B071-4AA987A0587D}.Ad-Hoc|x86.ActiveCfg = Release|Any CPU
		{C4E3CC9C-2182-430F-B071-4AA987A0587D}.Ad-Hoc|x86.Build.0 = Release|Any CPU
		{C4E3CC9C-2182-430F-B071-4AA987A0587D}.Ad-Hoc|x86.Deploy.0 = Release|Any CPU
		{C4E3CC9C-2182-430F-B071-4AA987A0587D}.AppStore|Any CPU.ActiveCfg = Release|Any CPU
		{C4E3CC9C-2182-430F-B071-4AA987A0587D}.AppStore|Any CPU.Build.0 = Release|Any CPU
		{C4E3CC9C-2182-430F-B071-4AA987A0587D}.AppStore|Any CPU.Deploy.0 = Release|Any CPU
		{C4E3CC9C-2182-430F-B071-4AA987A0587D}.AppStore|ARM.ActiveCfg = Release|Any CPU
		{C4E3CC9C-2182-430F-B071-4AA987A0587D}.AppStore|ARM.Build.0 = Release|Any CPU
		{C4E3CC9C-2182-430F-B071-4AA987A0587D}.AppStore|ARM.Deploy.0 = Release|Any CPU
		{C4E3CC9C-2182-430F-B071-4AA987A0587D}.AppStore|iPhone.ActiveCfg = Release|Any CPU
		{C4E3CC9C-2182-430F-B071-4AA987A0587D}.AppStore|iPhone.Build.0 = Release|Any CPU
		{C4E3CC9C-2182-430F-B071-4AA987A0587D}.AppStore|iPhone.Deploy.0 = Release|Any CPU
		{C4E3CC9C-2182-430F-B071-4AA987A0587D}.AppStore|iPhoneSimulator.ActiveCfg = Release|Any CPU
		{C4E3CC9C-2182-430F-B071-4AA987A0587D}.AppStore|iPhoneSimulator.Build.0 = Release|Any CPU
		{C4E3CC9C-2182-430F-B071-4AA987A0587D}.AppStore|iPhoneSimulator.Deploy.0 = Release|Any CPU
		{C4E3CC9C-2182-430F-B071-4AA987A0587D}.AppStore|x86.ActiveCfg = Release|Any CPU
		{C4E3CC9C-2182-430F-B071-4AA987A0587D}.AppStore|x86.Build.0 = Release|Any CPU
		{C4E3CC9C-2182-430F-B071-4AA987A0587D}.AppStore|x86.Deploy.0 = Release|Any CPU
		{C4E3CC9C-2182-430F-B071-4AA987A0587D}.Debug|Any CPU.ActiveCfg = Debug|Any CPU
		{C4E3CC9C-2182-430F-B071-4AA987A0587D}.Debug|Any CPU.Build.0 = Debug|Any CPU
		{C4E3CC9C-2182-430F-B071-4AA987A0587D}.Debug|Any CPU.Deploy.0 = Debug|Any CPU
		{C4E3CC9C-2182-430F-B071-4AA987A0587D}.Debug|ARM.ActiveCfg = Debug|Any CPU
		{C4E3CC9C-2182-430F-B071-4AA987A0587D}.Debug|ARM.Build.0 = Debug|Any CPU
		{C4E3CC9C-2182-430F-B071-4AA987A0587D}.Debug|ARM.Deploy.0 = Debug|Any CPU
		{C4E3CC9C-2182-430F-B071-4AA987A0587D}.Debug|iPhone.ActiveCfg = Debug|Any CPU
		{C4E3CC9C-2182-430F-B071-4AA987A0587D}.Debug|iPhone.Build.0 = Debug|Any CPU
		{C4E3CC9C-2182-430F-B071-4AA987A0587D}.Debug|iPhone.Deploy.0 = Debug|Any CPU
		{C4E3CC9C-2182-430F-B071-4AA987A0587D}.Debug|iPhoneSimulator.ActiveCfg = Debug|Any CPU
		{C4E3CC9C-2182-430F-B071-4AA987A0587D}.Debug|iPhoneSimulator.Build.0 = Debug|Any CPU
		{C4E3CC9C-2182-430F-B071-4AA987A0587D}.Debug|iPhoneSimulator.Deploy.0 = Debug|Any CPU
		{C4E3CC9C-2182-430F-B071-4AA987A0587D}.Debug|x86.ActiveCfg = Debug|Any CPU
		{C4E3CC9C-2182-430F-B071-4AA987A0587D}.Debug|x86.Build.0 = Debug|Any CPU
		{C4E3CC9C-2182-430F-B071-4AA987A0587D}.Debug|x86.Deploy.0 = Debug|Any CPU
		{C4E3CC9C-2182-430F-B071-4AA987A0587D}.Release|Any CPU.ActiveCfg = Release|Any CPU
		{C4E3CC9C-2182-430F-B071-4AA987A0587D}.Release|Any CPU.Build.0 = Release|Any CPU
		{C4E3CC9C-2182-430F-B071-4AA987A0587D}.Release|Any CPU.Deploy.0 = Release|Any CPU
		{C4E3CC9C-2182-430F-B071-4AA987A0587D}.Release|ARM.ActiveCfg = Release|Any CPU
		{C4E3CC9C-2182-430F-B071-4AA987A0587D}.Release|ARM.Build.0 = Release|Any CPU
		{C4E3CC9C-2182-430F-B071-4AA987A0587D}.Release|ARM.Deploy.0 = Release|Any CPU
		{C4E3CC9C-2182-430F-B071-4AA987A0587D}.Release|iPhone.ActiveCfg = Release|Any CPU
		{C4E3CC9C-2182-430F-B071-4AA987A0587D}.Release|iPhone.Build.0 = Release|Any CPU
		{C4E3CC9C-2182-430F-B071-4AA987A0587D}.Release|iPhone.Deploy.0 = Release|Any CPU
		{C4E3CC9C-2182-430F-B071-4AA987A0587D}.Release|iPhoneSimulator.ActiveCfg = Release|Any CPU
		{C4E3CC9C-2182-430F-B071-4AA987A0587D}.Release|iPhoneSimulator.Build.0 = Release|Any CPU
		{C4E3CC9C-2182-430F-B071-4AA987A0587D}.Release|iPhoneSimulator.Deploy.0 = Release|Any CPU
		{C4E3CC9C-2182-430F-B071-4AA987A0587D}.Release|x86.ActiveCfg = Release|Any CPU
		{C4E3CC9C-2182-430F-B071-4AA987A0587D}.Release|x86.Build.0 = Release|Any CPU
		{C4E3CC9C-2182-430F-B071-4AA987A0587D}.Release|x86.Deploy.0 = Release|Any CPU
		{87D87F8A-16D4-468C-A553-5124F8355361}.Ad-Hoc|Any CPU.ActiveCfg = Ad-Hoc|iPhone
		{87D87F8A-16D4-468C-A553-5124F8355361}.Ad-Hoc|ARM.ActiveCfg = Ad-Hoc|iPhone
		{87D87F8A-16D4-468C-A553-5124F8355361}.Ad-Hoc|iPhone.ActiveCfg = Ad-Hoc|iPhone
		{87D87F8A-16D4-468C-A553-5124F8355361}.Ad-Hoc|iPhone.Build.0 = Ad-Hoc|iPhone
		{87D87F8A-16D4-468C-A553-5124F8355361}.Ad-Hoc|iPhoneSimulator.ActiveCfg = Ad-Hoc|iPhoneSimulator
		{87D87F8A-16D4-468C-A553-5124F8355361}.Ad-Hoc|iPhoneSimulator.Build.0 = Ad-Hoc|iPhoneSimulator
		{87D87F8A-16D4-468C-A553-5124F8355361}.Ad-Hoc|x86.ActiveCfg = Ad-Hoc|iPhone
		{87D87F8A-16D4-468C-A553-5124F8355361}.AppStore|Any CPU.ActiveCfg = AppStore|iPhone
		{87D87F8A-16D4-468C-A553-5124F8355361}.AppStore|ARM.ActiveCfg = AppStore|iPhone
		{87D87F8A-16D4-468C-A553-5124F8355361}.AppStore|iPhone.ActiveCfg = AppStore|iPhone
		{87D87F8A-16D4-468C-A553-5124F8355361}.AppStore|iPhone.Build.0 = AppStore|iPhone
		{87D87F8A-16D4-468C-A553-5124F8355361}.AppStore|iPhoneSimulator.ActiveCfg = AppStore|iPhoneSimulator
		{87D87F8A-16D4-468C-A553-5124F8355361}.AppStore|iPhoneSimulator.Build.0 = AppStore|iPhoneSimulator
		{87D87F8A-16D4-468C-A553-5124F8355361}.AppStore|x86.ActiveCfg = AppStore|iPhone
		{87D87F8A-16D4-468C-A553-5124F8355361}.Debug|Any CPU.ActiveCfg = Debug|iPhoneSimulator
		{87D87F8A-16D4-468C-A553-5124F8355361}.Debug|Any CPU.Build.0 = Debug|iPhoneSimulator
		{87D87F8A-16D4-468C-A553-5124F8355361}.Debug|ARM.ActiveCfg = Debug|iPhone
		{87D87F8A-16D4-468C-A553-5124F8355361}.Debug|iPhone.ActiveCfg = Debug|iPhone
		{87D87F8A-16D4-468C-A553-5124F8355361}.Debug|iPhone.Build.0 = Debug|iPhone
		{87D87F8A-16D4-468C-A553-5124F8355361}.Debug|iPhoneSimulator.ActiveCfg = Debug|iPhoneSimulator
		{87D87F8A-16D4-468C-A553-5124F8355361}.Debug|iPhoneSimulator.Build.0 = Debug|iPhoneSimulator
		{87D87F8A-16D4-468C-A553-5124F8355361}.Debug|x86.ActiveCfg = Debug|iPhone
		{87D87F8A-16D4-468C-A553-5124F8355361}.Release|Any CPU.ActiveCfg = Release|iPhone
		{87D87F8A-16D4-468C-A553-5124F8355361}.Release|ARM.ActiveCfg = Release|iPhone
		{87D87F8A-16D4-468C-A553-5124F8355361}.Release|iPhone.ActiveCfg = Release|iPhone
		{87D87F8A-16D4-468C-A553-5124F8355361}.Release|iPhone.Build.0 = Release|iPhone
		{87D87F8A-16D4-468C-A553-5124F8355361}.Release|iPhoneSimulator.ActiveCfg = Release|iPhoneSimulator
		{87D87F8A-16D4-468C-A553-5124F8355361}.Release|iPhoneSimulator.Build.0 = Release|iPhoneSimulator
		{87D87F8A-16D4-468C-A553-5124F8355361}.Release|x86.ActiveCfg = Release|iPhone
		{034E664E-297C-4456-9779-99C2EC5C89CA}.Ad-Hoc|Any CPU.ActiveCfg = Release|Any CPU
		{034E664E-297C-4456-9779-99C2EC5C89CA}.Ad-Hoc|Any CPU.Build.0 = Release|Any CPU
		{034E664E-297C-4456-9779-99C2EC5C89CA}.Ad-Hoc|ARM.ActiveCfg = Release|Any CPU
		{034E664E-297C-4456-9779-99C2EC5C89CA}.Ad-Hoc|ARM.Build.0 = Release|Any CPU
		{034E664E-297C-4456-9779-99C2EC5C89CA}.Ad-Hoc|iPhone.ActiveCfg = Release|Any CPU
		{034E664E-297C-4456-9779-99C2EC5C89CA}.Ad-Hoc|iPhone.Build.0 = Release|Any CPU
		{034E664E-297C-4456-9779-99C2EC5C89CA}.Ad-Hoc|iPhoneSimulator.ActiveCfg = Release|Any CPU
		{034E664E-297C-4456-9779-99C2EC5C89CA}.Ad-Hoc|iPhoneSimulator.Build.0 = Release|Any CPU
		{034E664E-297C-4456-9779-99C2EC5C89CA}.Ad-Hoc|x86.ActiveCfg = Release|Any CPU
		{034E664E-297C-4456-9779-99C2EC5C89CA}.Ad-Hoc|x86.Build.0 = Release|Any CPU
		{034E664E-297C-4456-9779-99C2EC5C89CA}.AppStore|Any CPU.ActiveCfg = Release|Any CPU
		{034E664E-297C-4456-9779-99C2EC5C89CA}.AppStore|Any CPU.Build.0 = Release|Any CPU
		{034E664E-297C-4456-9779-99C2EC5C89CA}.AppStore|ARM.ActiveCfg = Release|Any CPU
		{034E664E-297C-4456-9779-99C2EC5C89CA}.AppStore|ARM.Build.0 = Release|Any CPU
		{034E664E-297C-4456-9779-99C2EC5C89CA}.AppStore|iPhone.ActiveCfg = Release|Any CPU
		{034E664E-297C-4456-9779-99C2EC5C89CA}.AppStore|iPhone.Build.0 = Release|Any CPU
		{034E664E-297C-4456-9779-99C2EC5C89CA}.AppStore|iPhoneSimulator.ActiveCfg = Release|Any CPU
		{034E664E-297C-4456-9779-99C2EC5C89CA}.AppStore|iPhoneSimulator.Build.0 = Release|Any CPU
		{034E664E-297C-4456-9779-99C2EC5C89CA}.AppStore|x86.ActiveCfg = Release|Any CPU
		{034E664E-297C-4456-9779-99C2EC5C89CA}.AppStore|x86.Build.0 = Release|Any CPU
		{034E664E-297C-4456-9779-99C2EC5C89CA}.Debug|Any CPU.ActiveCfg = Debug|Any CPU
		{034E664E-297C-4456-9779-99C2EC5C89CA}.Debug|Any CPU.Build.0 = Debug|Any CPU
		{034E664E-297C-4456-9779-99C2EC5C89CA}.Debug|ARM.ActiveCfg = Debug|Any CPU
		{034E664E-297C-4456-9779-99C2EC5C89CA}.Debug|ARM.Build.0 = Debug|Any CPU
		{034E664E-297C-4456-9779-99C2EC5C89CA}.Debug|iPhone.ActiveCfg = Debug|Any CPU
		{034E664E-297C-4456-9779-99C2EC5C89CA}.Debug|iPhone.Build.0 = Debug|Any CPU
		{034E664E-297C-4456-9779-99C2EC5C89CA}.Debug|iPhoneSimulator.ActiveCfg = Debug|Any CPU
		{034E664E-297C-4456-9779-99C2EC5C89CA}.Debug|iPhoneSimulator.Build.0 = Debug|Any CPU
		{034E664E-297C-4456-9779-99C2EC5C89CA}.Debug|x86.ActiveCfg = Debug|Any CPU
		{034E664E-297C-4456-9779-99C2EC5C89CA}.Debug|x86.Build.0 = Debug|Any CPU
		{034E664E-297C-4456-9779-99C2EC5C89CA}.Release|Any CPU.ActiveCfg = Release|Any CPU
		{034E664E-297C-4456-9779-99C2EC5C89CA}.Release|Any CPU.Build.0 = Release|Any CPU
		{034E664E-297C-4456-9779-99C2EC5C89CA}.Release|ARM.ActiveCfg = Release|Any CPU
		{034E664E-297C-4456-9779-99C2EC5C89CA}.Release|ARM.Build.0 = Release|Any CPU
		{034E664E-297C-4456-9779-99C2EC5C89CA}.Release|iPhone.ActiveCfg = Release|Any CPU
		{034E664E-297C-4456-9779-99C2EC5C89CA}.Release|iPhone.Build.0 = Release|Any CPU
		{034E664E-297C-4456-9779-99C2EC5C89CA}.Release|iPhoneSimulator.ActiveCfg = Release|Any CPU
		{034E664E-297C-4456-9779-99C2EC5C89CA}.Release|iPhoneSimulator.Build.0 = Release|Any CPU
		{034E664E-297C-4456-9779-99C2EC5C89CA}.Release|x86.ActiveCfg = Release|Any CPU
		{034E664E-297C-4456-9779-99C2EC5C89CA}.Release|x86.Build.0 = Release|Any CPU
	EndGlobalSection
	GlobalSection(SolutionProperties) = preSolution
		HideSolutionNode = FALSE
	EndGlobalSection
EndGlobal
